{
  "nodes": {
    "nixpkgs": {
      "locked": {
        "lastModified": 1700713200,
        "narHash": "sha256-k4306AeUsZ/PK87aphugAShQ/F1cSpCOJI//eWWuysc=",
        "owner": "nixos",
        "repo": "nixpkgs",
        "rev": "120a67bbfa93d9fd830310344cae0291068318bd",
        "type": "github"
      },
      "original": {
        "owner": "nixos",
        "repo": "nixpkgs",
        "rev": "120a67bbfa93d9fd830310344cae0291068318bd",
        "type": "github"
      }
    },
    "root": {
      "inputs": {
        "nixpkgs": "nixpkgs"
      }
    }
  },
  "root": "root",
  "version": 7
}
